// !$*UTF8*$!
{
	archiveVersion = 1;
	classes = {
	};
	objectVersion = 51;
	objects = {

/* Begin PBXBuildFile section */
		470C161A250820020009B05A /* CustomNavBar.swift in Sources */ = {isa = PBXBuildFile; fileRef = 470C1619250820020009B05A /* CustomNavBar.swift */; };
		4722433624F9DD6300ABAFA7 /* AppDelegate.swift in Sources */ = {isa = PBXBuildFile; fileRef = 4722433524F9DD6300ABAFA7 /* AppDelegate.swift */; };
		4722433824F9DD6300ABAFA7 /* SceneDelegate.swift in Sources */ = {isa = PBXBuildFile; fileRef = 4722433724F9DD6300ABAFA7 /* SceneDelegate.swift */; };
		4722433A24F9DD6300ABAFA7 /* Home.swift in Sources */ = {isa = PBXBuildFile; fileRef = 4722433924F9DD6300ABAFA7 /* Home.swift */; };
		4722433F24F9DD6600ABAFA7 /* Assets.xcassets in Resources */ = {isa = PBXBuildFile; fileRef = 4722433E24F9DD6600ABAFA7 /* Assets.xcassets */; };
		4722434224F9DD6600ABAFA7 /* LaunchScreen.storyboard in Resources */ = {isa = PBXBuildFile; fileRef = 4722434024F9DD6600ABAFA7 /* LaunchScreen.storyboard */; };
		4722434A24F9DF2000ABAFA7 /* SHTextField.swift in Sources */ = {isa = PBXBuildFile; fileRef = 4722434924F9DF2000ABAFA7 /* SHTextField.swift */; };
		47225BE424FCC0A10081C87D /* ForgetPasswordScreen.swift in Sources */ = {isa = PBXBuildFile; fileRef = 47225BE324FCC0A10081C87D /* ForgetPasswordScreen.swift */; };
		47225BE624FCC2190081C87D /* TermsScreen.swift in Sources */ = {isa = PBXBuildFile; fileRef = 47225BE524FCC2190081C87D /* TermsScreen.swift */; };
		47225BE824FCC57C0081C87D /* String+Ext.swift in Sources */ = {isa = PBXBuildFile; fileRef = 47225BE724FCC57C0081C87D /* String+Ext.swift */; };
		472414F82507E14F0022A592 /* SHAlertViewError.swift in Sources */ = {isa = PBXBuildFile; fileRef = 472414F72507E14F0022A592 /* SHAlertViewError.swift */; };
		472415002507F4EE0022A592 /* SHActivityView.swift in Sources */ = {isa = PBXBuildFile; fileRef = 472414FF2507F4EE0022A592 /* SHActivityView.swift */; };
		4724150225080A090022A592 /* SHActivityIndicator.swift in Sources */ = {isa = PBXBuildFile; fileRef = 4724150125080A090022A592 /* SHActivityIndicator.swift */; };
		473FCAD52503503300A7CD32 /* UIViewController+Ext.swift in Sources */ = {isa = PBXBuildFile; fileRef = 473FCAD42503503300A7CD32 /* UIViewController+Ext.swift */; };
		474C01A824FA01EF00C6AFE8 /* SHButton.swift in Sources */ = {isa = PBXBuildFile; fileRef = 474C01A724FA01EF00C6AFE8 /* SHButton.swift */; };
		4753D8032510528B00D2F7D5 /* GoogleService-Info.plist in Resources */ = {isa = PBXBuildFile; fileRef = 4753D8022510528B00D2F7D5 /* GoogleService-Info.plist */; };
		4753D80825105E9500D2F7D5 /* NetworkManager.swift in Sources */ = {isa = PBXBuildFile; fileRef = 4753D80725105E9500D2F7D5 /* NetworkManager.swift */; };
		4765B63224FB14C3001B4C53 /* SHLabel.swift in Sources */ = {isa = PBXBuildFile; fileRef = 4765B63124FB14C3001B4C53 /* SHLabel.swift */; };
		4765B63424FB274B001B4C53 /* SignInScreen.swift in Sources */ = {isa = PBXBuildFile; fileRef = 4765B63324FB274B001B4C53 /* SignInScreen.swift */; };
		4765B63624FB2799001B4C53 /* SignUpScreen.swift in Sources */ = {isa = PBXBuildFile; fileRef = 4765B63524FB2799001B4C53 /* SignUpScreen.swift */; };
		478A4C4224FE050200B12A78 /* SHAlertView.swift in Sources */ = {isa = PBXBuildFile; fileRef = 478A4C4124FE050200B12A78 /* SHAlertView.swift */; };
		478B0D82251007D500AD0C46 /* ProfileController.swift in Sources */ = {isa = PBXBuildFile; fileRef = 478B0D81251007D500AD0C46 /* ProfileController.swift */; };
		478B0D842510257B00AD0C46 /* StatusMessenger.swift in Sources */ = {isa = PBXBuildFile; fileRef = 478B0D832510257B00AD0C46 /* StatusMessenger.swift */; };
		478F8E8A251A56AC00822E7A /* ChatLog.swift in Sources */ = {isa = PBXBuildFile; fileRef = 478F8E89251A56AC00822E7A /* ChatLog.swift */; };
		4795ECB3251CA45C001C6BB7 /* ChatLogCell.swift in Sources */ = {isa = PBXBuildFile; fileRef = 4795ECB2251CA45C001C6BB7 /* ChatLogCell.swift */; };
		4795ECB5251CA61C001C6BB7 /* Messages.swift in Sources */ = {isa = PBXBuildFile; fileRef = 4795ECB4251CA61C001C6BB7 /* Messages.swift */; };
		47A7EE6724FE09AF00D62884 /* SHContainerView.swift in Sources */ = {isa = PBXBuildFile; fileRef = 47A7EE6624FE09AF00D62884 /* SHContainerView.swift */; };
		47C96F9725074A2500D5F9FF /* TabMenu.swift in Sources */ = {isa = PBXBuildFile; fileRef = 47C96F9625074A2500D5F9FF /* TabMenu.swift */; };
		47C96F9B2507569D00D5F9FF /* SHBarButton.swift in Sources */ = {isa = PBXBuildFile; fileRef = 47C96F9A2507569D00D5F9FF /* SHBarButton.swift */; };
		47C96F9E2507587D00D5F9FF /* Chat.swift in Sources */ = {isa = PBXBuildFile; fileRef = 47C96F9D2507587D00D5F9FF /* Chat.swift */; };
		47C96FA725075AFD00D5F9FF /* ErrorMessage.swift in Sources */ = {isa = PBXBuildFile; fileRef = 47C96FA625075AFD00D5F9FF /* ErrorMessage.swift */; };
		47E1E468250E0605007522DB /* ProfileCell.swift in Sources */ = {isa = PBXBuildFile; fileRef = 47E1E467250E0605007522DB /* ProfileCell.swift */; };
		47E1E470250E94D9007522DB /* Settings.swift in Sources */ = {isa = PBXBuildFile; fileRef = 47E1E46F250E94D9007522DB /* Settings.swift */; };
		47E395B5251A64910045A900 /* ChatLogNavBar.swift in Sources */ = {isa = PBXBuildFile; fileRef = 47E395B4251A64910045A900 /* ChatLogNavBar.swift */; };
		47E834C8250C15E800D4DA09 /* UIExtensions.swift in Sources */ = {isa = PBXBuildFile; fileRef = 47E834C7250C15E800D4DA09 /* UIExtensions.swift */; };
		47F0B573250347D4009EBDFC /* SHAlertTitle.swift in Sources */ = {isa = PBXBuildFile; fileRef = 47F0B572250347D4009EBDFC /* SHAlertTitle.swift */; };
		47F0B575250347DF009EBDFC /* SHAlertBody.swift in Sources */ = {isa = PBXBuildFile; fileRef = 47F0B574250347DF009EBDFC /* SHAlertBody.swift */; };
		47FAA80525162CED002F1E24 /* ChatCell.swift in Sources */ = {isa = PBXBuildFile; fileRef = 47FAA80425162CED002F1E24 /* ChatCell.swift */; };
		4DD35B2AF5927122E2149680 /* Pods_Sohbet.framework in Frameworks */ = {isa = PBXBuildFile; fileRef = 782011F72660EED70845F220 /* Pods_Sohbet.framework */; };
/* End PBXBuildFile section */

/* Begin PBXFileReference section */
		2DA63AE555658FEFE060E309 /* Pods-Sohbet.debug.xcconfig */ = {isa = PBXFileReference; includeInIndex = 1; lastKnownFileType = text.xcconfig; name = "Pods-Sohbet.debug.xcconfig"; path = "Target Support Files/Pods-Sohbet/Pods-Sohbet.debug.xcconfig"; sourceTree = "<group>"; };
		470C1619250820020009B05A /* CustomNavBar.swift */ = {isa = PBXFileReference; lastKnownFileType = sourcecode.swift; path = CustomNavBar.swift; sourceTree = "<group>"; };
		4722433224F9DD6300ABAFA7 /* Sohbet.app */ = {isa = PBXFileReference; explicitFileType = wrapper.application; includeInIndex = 0; path = Sohbet.app; sourceTree = BUILT_PRODUCTS_DIR; };
		4722433524F9DD6300ABAFA7 /* AppDelegate.swift */ = {isa = PBXFileReference; lastKnownFileType = sourcecode.swift; path = AppDelegate.swift; sourceTree = "<group>"; };
		4722433724F9DD6300ABAFA7 /* SceneDelegate.swift */ = {isa = PBXFileReference; lastKnownFileType = sourcecode.swift; path = SceneDelegate.swift; sourceTree = "<group>"; };
		4722433924F9DD6300ABAFA7 /* Home.swift */ = {isa = PBXFileReference; lastKnownFileType = sourcecode.swift; path = Home.swift; sourceTree = "<group>"; };
		4722433E24F9DD6600ABAFA7 /* Assets.xcassets */ = {isa = PBXFileReference; lastKnownFileType = folder.assetcatalog; path = Assets.xcassets; sourceTree = "<group>"; };
		4722434124F9DD6600ABAFA7 /* Base */ = {isa = PBXFileReference; lastKnownFileType = file.storyboard; name = Base; path = Base.lproj/LaunchScreen.storyboard; sourceTree = "<group>"; };
		4722434324F9DD6600ABAFA7 /* Info.plist */ = {isa = PBXFileReference; lastKnownFileType = text.plist.xml; path = Info.plist; sourceTree = "<group>"; };
		4722434924F9DF2000ABAFA7 /* SHTextField.swift */ = {isa = PBXFileReference; lastKnownFileType = sourcecode.swift; path = SHTextField.swift; sourceTree = "<group>"; };
		47225BE324FCC0A10081C87D /* ForgetPasswordScreen.swift */ = {isa = PBXFileReference; lastKnownFileType = sourcecode.swift; path = ForgetPasswordScreen.swift; sourceTree = "<group>"; };
		47225BE524FCC2190081C87D /* TermsScreen.swift */ = {isa = PBXFileReference; lastKnownFileType = sourcecode.swift; path = TermsScreen.swift; sourceTree = "<group>"; };
		47225BE724FCC57C0081C87D /* String+Ext.swift */ = {isa = PBXFileReference; lastKnownFileType = sourcecode.swift; path = "String+Ext.swift"; sourceTree = "<group>"; };
		472414F72507E14F0022A592 /* SHAlertViewError.swift */ = {isa = PBXFileReference; lastKnownFileType = sourcecode.swift; path = SHAlertViewError.swift; sourceTree = "<group>"; };
		472414FF2507F4EE0022A592 /* SHActivityView.swift */ = {isa = PBXFileReference; lastKnownFileType = sourcecode.swift; path = SHActivityView.swift; sourceTree = "<group>"; };
		4724150125080A090022A592 /* SHActivityIndicator.swift */ = {isa = PBXFileReference; lastKnownFileType = sourcecode.swift; path = SHActivityIndicator.swift; sourceTree = "<group>"; };
		473FCAD42503503300A7CD32 /* UIViewController+Ext.swift */ = {isa = PBXFileReference; lastKnownFileType = sourcecode.swift; path = "UIViewController+Ext.swift"; sourceTree = "<group>"; };
		474C01A724FA01EF00C6AFE8 /* SHButton.swift */ = {isa = PBXFileReference; lastKnownFileType = sourcecode.swift; path = SHButton.swift; sourceTree = "<group>"; };
		4753D8022510528B00D2F7D5 /* GoogleService-Info.plist */ = {isa = PBXFileReference; fileEncoding = 4; lastKnownFileType = text.plist.xml; path = "GoogleService-Info.plist"; sourceTree = "<group>"; };
		4753D80725105E9500D2F7D5 /* NetworkManager.swift */ = {isa = PBXFileReference; lastKnownFileType = sourcecode.swift; path = NetworkManager.swift; sourceTree = "<group>"; };
		4765B63124FB14C3001B4C53 /* SHLabel.swift */ = {isa = PBXFileReference; lastKnownFileType = sourcecode.swift; path = SHLabel.swift; sourceTree = "<group>"; };
		4765B63324FB274B001B4C53 /* SignInScreen.swift */ = {isa = PBXFileReference; lastKnownFileType = sourcecode.swift; path = SignInScreen.swift; sourceTree = "<group>"; };
		4765B63524FB2799001B4C53 /* SignUpScreen.swift */ = {isa = PBXFileReference; lastKnownFileType = sourcecode.swift; path = SignUpScreen.swift; sourceTree = "<group>"; };
		478A4C4124FE050200B12A78 /* SHAlertView.swift */ = {isa = PBXFileReference; lastKnownFileType = sourcecode.swift; path = SHAlertView.swift; sourceTree = "<group>"; };
		478B0D81251007D500AD0C46 /* ProfileController.swift */ = {isa = PBXFileReference; fileEncoding = 4; lastKnownFileType = sourcecode.swift; path = ProfileController.swift; sourceTree = "<group>"; };
		478B0D832510257B00AD0C46 /* StatusMessenger.swift */ = {isa = PBXFileReference; lastKnownFileType = sourcecode.swift; path = StatusMessenger.swift; sourceTree = "<group>"; };
		478F8E89251A56AC00822E7A /* ChatLog.swift */ = {isa = PBXFileReference; lastKnownFileType = sourcecode.swift; path = ChatLog.swift; sourceTree = "<group>"; };
		4795ECB2251CA45C001C6BB7 /* ChatLogCell.swift */ = {isa = PBXFileReference; lastKnownFileType = sourcecode.swift; path = ChatLogCell.swift; sourceTree = "<group>"; };
		4795ECB4251CA61C001C6BB7 /* Messages.swift */ = {isa = PBXFileReference; lastKnownFileType = sourcecode.swift; path = Messages.swift; sourceTree = "<group>"; };
		47A7EE6624FE09AF00D62884 /* SHContainerView.swift */ = {isa = PBXFileReference; lastKnownFileType = sourcecode.swift; path = SHContainerView.swift; sourceTree = "<group>"; };
		47C96F9625074A2500D5F9FF /* TabMenu.swift */ = {isa = PBXFileReference; lastKnownFileType = sourcecode.swift; path = TabMenu.swift; sourceTree = "<group>"; };
		47C96F9A2507569D00D5F9FF /* SHBarButton.swift */ = {isa = PBXFileReference; lastKnownFileType = sourcecode.swift; path = SHBarButton.swift; sourceTree = "<group>"; };
		47C96F9D2507587D00D5F9FF /* Chat.swift */ = {isa = PBXFileReference; lastKnownFileType = sourcecode.swift; path = Chat.swift; sourceTree = "<group>"; };
		47C96FA625075AFD00D5F9FF /* ErrorMessage.swift */ = {isa = PBXFileReference; lastKnownFileType = sourcecode.swift; path = ErrorMessage.swift; sourceTree = "<group>"; };
		47E1E467250E0605007522DB /* ProfileCell.swift */ = {isa = PBXFileReference; lastKnownFileType = sourcecode.swift; path = ProfileCell.swift; sourceTree = "<group>"; };
		47E1E46F250E94D9007522DB /* Settings.swift */ = {isa = PBXFileReference; lastKnownFileType = sourcecode.swift; path = Settings.swift; sourceTree = "<group>"; };
		47E395B4251A64910045A900 /* ChatLogNavBar.swift */ = {isa = PBXFileReference; lastKnownFileType = sourcecode.swift; path = ChatLogNavBar.swift; sourceTree = "<group>"; };
		47E834C7250C15E800D4DA09 /* UIExtensions.swift */ = {isa = PBXFileReference; fileEncoding = 4; lastKnownFileType = sourcecode.swift; path = UIExtensions.swift; sourceTree = "<group>"; };
		47F0B572250347D4009EBDFC /* SHAlertTitle.swift */ = {isa = PBXFileReference; lastKnownFileType = sourcecode.swift; path = SHAlertTitle.swift; sourceTree = "<group>"; };
		47F0B574250347DF009EBDFC /* SHAlertBody.swift */ = {isa = PBXFileReference; lastKnownFileType = sourcecode.swift; path = SHAlertBody.swift; sourceTree = "<group>"; };
		47FAA80425162CED002F1E24 /* ChatCell.swift */ = {isa = PBXFileReference; lastKnownFileType = sourcecode.swift; path = ChatCell.swift; sourceTree = "<group>"; };
		6FB3925D35E5F6D669FF1484 /* Pods-Sohbet.release.xcconfig */ = {isa = PBXFileReference; includeInIndex = 1; lastKnownFileType = text.xcconfig; name = "Pods-Sohbet.release.xcconfig"; path = "Target Support Files/Pods-Sohbet/Pods-Sohbet.release.xcconfig"; sourceTree = "<group>"; };
		782011F72660EED70845F220 /* Pods_Sohbet.framework */ = {isa = PBXFileReference; explicitFileType = wrapper.framework; includeInIndex = 0; path = Pods_Sohbet.framework; sourceTree = BUILT_PRODUCTS_DIR; };
/* End PBXFileReference section */

/* Begin PBXFrameworksBuildPhase section */
		4722432F24F9DD6300ABAFA7 /* Frameworks */ = {
			isa = PBXFrameworksBuildPhase;
			buildActionMask = 2147483647;
			files = (
				4DD35B2AF5927122E2149680 /* Pods_Sohbet.framework in Frameworks */,
			);
			runOnlyForDeploymentPostprocessing = 0;
		};
/* End PBXFrameworksBuildPhase section */

/* Begin PBXGroup section */
		4722432924F9DD6300ABAFA7 = {
			isa = PBXGroup;
			children = (
				4722433424F9DD6300ABAFA7 /* Sohbet */,
				4722433324F9DD6300ABAFA7 /* Products */,
				CD6CF6AB7FEAD2151A66D20E /* Pods */,
				BBC22684A1C07FB78AAF39B3 /* Frameworks */,
			);
			sourceTree = "<group>";
		};
		4722433324F9DD6300ABAFA7 /* Products */ = {
			isa = PBXGroup;
			children = (
				4722433224F9DD6300ABAFA7 /* Sohbet.app */,
			);
			name = Products;
			sourceTree = "<group>";
		};
		4722433424F9DD6300ABAFA7 /* Sohbet */ = {
			isa = PBXGroup;
			children = (
				47C96FA525075AD000D5F9FF /* Utilities */,
				47C96FA425075A7000D5F9FF /* API */,
				47C96FA325075A5100D5F9FF /* Model */,
				47225BE924FCC5BD0081C87D /* Extension */,
				474C01A924FA03BD00C6AFE8 /* Controllers */,
				474C01AB24FA077400C6AFE8 /* Views */,
				474C01AA24FA074D00C6AFE8 /* Support File */,
				4722434324F9DD6600ABAFA7 /* Info.plist */,
				4753D8022510528B00D2F7D5 /* GoogleService-Info.plist */,
			);
			path = Sohbet;
			sourceTree = "<group>";
		};
		47225BE924FCC5BD0081C87D /* Extension */ = {
			isa = PBXGroup;
			children = (
				47E834C7250C15E800D4DA09 /* UIExtensions.swift */,
				47225BE724FCC57C0081C87D /* String+Ext.swift */,
				473FCAD42503503300A7CD32 /* UIViewController+Ext.swift */,
			);
			name = Extension;
			sourceTree = "<group>";
		};
		4724150325080C1C0022A592 /* UIViewController */ = {
			isa = PBXGroup;
			children = (
				478A4C4124FE050200B12A78 /* SHAlertView.swift */,
				472414FF2507F4EE0022A592 /* SHActivityView.swift */,
				472414F72507E14F0022A592 /* SHAlertViewError.swift */,
			);
			path = UIViewController;
			sourceTree = "<group>";
		};
		4724150425080C3D0022A592 /* View */ = {
			isa = PBXGroup;
			children = (
				47E395B4251A64910045A900 /* ChatLogNavBar.swift */,
				470C1619250820020009B05A /* CustomNavBar.swift */,
				47A7EE6624FE09AF00D62884 /* SHContainerView.swift */,
			);
			path = View;
			sourceTree = "<group>";
		};
		4724150525080C4A0022A592 /* ActivityIndicatorView */ = {
			isa = PBXGroup;
			children = (
				4724150125080A090022A592 /* SHActivityIndicator.swift */,
			);
			path = ActivityIndicatorView;
			sourceTree = "<group>";
		};
		474C01A924FA03BD00C6AFE8 /* Controllers */ = {
			isa = PBXGroup;
			children = (
				478F8E89251A56AC00822E7A /* ChatLog.swift */,
				4722433924F9DD6300ABAFA7 /* Home.swift */,
				4765B63324FB274B001B4C53 /* SignInScreen.swift */,
				4765B63524FB2799001B4C53 /* SignUpScreen.swift */,
				47225BE324FCC0A10081C87D /* ForgetPasswordScreen.swift */,
				47225BE524FCC2190081C87D /* TermsScreen.swift */,
				47C96F9F250758B200D5F9FF /* Tab Bar */,
			);
			path = Controllers;
			sourceTree = "<group>";
		};
		474C01AA24FA074D00C6AFE8 /* Support File */ = {
			isa = PBXGroup;
			children = (
				4722433E24F9DD6600ABAFA7 /* Assets.xcassets */,
				4722434024F9DD6600ABAFA7 /* LaunchScreen.storyboard */,
				4722433524F9DD6300ABAFA7 /* AppDelegate.swift */,
				4722433724F9DD6300ABAFA7 /* SceneDelegate.swift */,
			);
			name = "Support File";
			sourceTree = "<group>";
		};
		474C01AB24FA077400C6AFE8 /* Views */ = {
			isa = PBXGroup;
			children = (
				475E9226250F69E5005C599C /* Cell */,
				47C96F9C250756A200D5F9FF /* Button */,
				47C96FA225075A1D00D5F9FF /* TextField */,
				4724150325080C1C0022A592 /* UIViewController */,
				4724150425080C3D0022A592 /* View */,
				47F0B576250349F0009EBDFC /* Label */,
				4724150525080C4A0022A592 /* ActivityIndicatorView */,
			);
			path = Views;
			sourceTree = "<group>";
		};
		475E9226250F69E5005C599C /* Cell */ = {
			isa = PBXGroup;
			children = (
				47E1E467250E0605007522DB /* ProfileCell.swift */,
				47FAA80425162CED002F1E24 /* ChatCell.swift */,
				4795ECB2251CA45C001C6BB7 /* ChatLogCell.swift */,
			);
			path = Cell;
			sourceTree = "<group>";
		};
		47C96F9C250756A200D5F9FF /* Button */ = {
			isa = PBXGroup;
			children = (
				474C01A724FA01EF00C6AFE8 /* SHButton.swift */,
				47C96F9A2507569D00D5F9FF /* SHBarButton.swift */,
			);
			path = Button;
			sourceTree = "<group>";
		};
		47C96F9F250758B200D5F9FF /* Tab Bar */ = {
			isa = PBXGroup;
			children = (
				47C96F9625074A2500D5F9FF /* TabMenu.swift */,
				47C96F9D2507587D00D5F9FF /* Chat.swift */,
				478B0D81251007D500AD0C46 /* ProfileController.swift */,
			);
			path = "Tab Bar";
			sourceTree = "<group>";
		};
		47C96FA225075A1D00D5F9FF /* TextField */ = {
			isa = PBXGroup;
			children = (
				4722434924F9DF2000ABAFA7 /* SHTextField.swift */,
			);
			path = TextField;
			sourceTree = "<group>";
		};
		47C96FA325075A5100D5F9FF /* Model */ = {
			isa = PBXGroup;
			children = (
				47E1E46F250E94D9007522DB /* Settings.swift */,
				478B0D832510257B00AD0C46 /* StatusMessenger.swift */,
				4795ECB4251CA61C001C6BB7 /* Messages.swift */,
			);
			path = Model;
			sourceTree = "<group>";
		};
		47C96FA425075A7000D5F9FF /* API */ = {
			isa = PBXGroup;
			children = (
				4753D80725105E9500D2F7D5 /* NetworkManager.swift */,
			);
			path = API;
			sourceTree = "<group>";
		};
		47C96FA525075AD000D5F9FF /* Utilities */ = {
			isa = PBXGroup;
			children = (
				47C96FA625075AFD00D5F9FF /* ErrorMessage.swift */,
			);
			path = Utilities;
			sourceTree = "<group>";
		};
		47F0B576250349F0009EBDFC /* Label */ = {
			isa = PBXGroup;
			children = (
				4765B63124FB14C3001B4C53 /* SHLabel.swift */,
				47F0B572250347D4009EBDFC /* SHAlertTitle.swift */,
				47F0B574250347DF009EBDFC /* SHAlertBody.swift */,
			);
			path = Label;
			sourceTree = "<group>";
		};
		BBC22684A1C07FB78AAF39B3 /* Frameworks */ = {
			isa = PBXGroup;
			children = (
				782011F72660EED70845F220 /* Pods_Sohbet.framework */,
			);
			name = Frameworks;
			sourceTree = "<group>";
		};
		CD6CF6AB7FEAD2151A66D20E /* Pods */ = {
			isa = PBXGroup;
			children = (
				2DA63AE555658FEFE060E309 /* Pods-Sohbet.debug.xcconfig */,
				6FB3925D35E5F6D669FF1484 /* Pods-Sohbet.release.xcconfig */,
			);
			path = Pods;
			sourceTree = "<group>";
		};
/* End PBXGroup section */

/* Begin PBXNativeTarget section */
		4722433124F9DD6300ABAFA7 /* Sohbet */ = {
			isa = PBXNativeTarget;
			buildConfigurationList = 4722434624F9DD6600ABAFA7 /* Build configuration list for PBXNativeTarget "Sohbet" */;
			buildPhases = (
				90A3FC8AB5F8BB2BAD855169 /* [CP] Check Pods Manifest.lock */,
				4722432E24F9DD6300ABAFA7 /* Sources */,
				4722432F24F9DD6300ABAFA7 /* Frameworks */,
				4722433024F9DD6300ABAFA7 /* Resources */,
				34D256BE25A7A8E8A8D188B1 /* [CP] Embed Pods Frameworks */,
			);
			buildRules = (
			);
			dependencies = (
			);
			name = Sohbet;
			packageProductDependencies = (
			);
			productName = Sohbet;
			productReference = 4722433224F9DD6300ABAFA7 /* Sohbet.app */;
			productType = "com.apple.product-type.application";
		};
/* End PBXNativeTarget section */

/* Begin PBXProject section */
		4722432A24F9DD6300ABAFA7 /* Project object */ = {
			isa = PBXProject;
			attributes = {
				LastSwiftUpdateCheck = 1130;
				LastUpgradeCheck = 1130;
				ORGANIZATIONNAME = Aoomle;
				TargetAttributes = {
					4722433124F9DD6300ABAFA7 = {
						CreatedOnToolsVersion = 11.3;
					};
				};
			};
			buildConfigurationList = 4722432D24F9DD6300ABAFA7 /* Build configuration list for PBXProject "Sohbet" */;
			compatibilityVersion = "Xcode 9.3";
			developmentRegion = en;
			hasScannedForEncodings = 0;
			knownRegions = (
				en,
				Base,
			);
			mainGroup = 4722432924F9DD6300ABAFA7;
			packageReferences = (
			);
			productRefGroup = 4722433324F9DD6300ABAFA7 /* Products */;
			projectDirPath = "";
			projectRoot = "";
			targets = (
				4722433124F9DD6300ABAFA7 /* Sohbet */,
			);
		};
/* End PBXProject section */

/* Begin PBXResourcesBuildPhase section */
		4722433024F9DD6300ABAFA7 /* Resources */ = {
			isa = PBXResourcesBuildPhase;
			buildActionMask = 2147483647;
			files = (
				4722434224F9DD6600ABAFA7 /* LaunchScreen.storyboard in Resources */,
				4722433F24F9DD6600ABAFA7 /* Assets.xcassets in Resources */,
				4753D8032510528B00D2F7D5 /* GoogleService-Info.plist in Resources */,
			);
			runOnlyForDeploymentPostprocessing = 0;
		};
/* End PBXResourcesBuildPhase section */

/* Begin PBXShellScriptBuildPhase section */
		34D256BE25A7A8E8A8D188B1 /* [CP] Embed Pods Frameworks */ = {
			isa = PBXShellScriptBuildPhase;
			buildActionMask = 2147483647;
			files = (
			);
			inputFileListPaths = (
				"${PODS_ROOT}/Target Support Files/Pods-Sohbet/Pods-Sohbet-frameworks-${CONFIGURATION}-input-files.xcfilelist",
			);
			name = "[CP] Embed Pods Frameworks";
			outputFileListPaths = (
				"${PODS_ROOT}/Target Support Files/Pods-Sohbet/Pods-Sohbet-frameworks-${CONFIGURATION}-output-files.xcfilelist",
			);
			runOnlyForDeploymentPostprocessing = 0;
			shellPath = /bin/sh;
			shellScript = "\"${PODS_ROOT}/Target Support Files/Pods-Sohbet/Pods-Sohbet-frameworks.sh\"\n";
			showEnvVarsInLog = 0;
		};
		90A3FC8AB5F8BB2BAD855169 /* [CP] Check Pods Manifest.lock */ = {
			isa = PBXShellScriptBuildPhase;
			buildActionMask = 2147483647;
			files = (
			);
			inputFileListPaths = (
			);
			inputPaths = (
				"${PODS_PODFILE_DIR_PATH}/Podfile.lock",
				"${PODS_ROOT}/Manifest.lock",
			);
			name = "[CP] Check Pods Manifest.lock";
			outputFileListPaths = (
			);
			outputPaths = (
				"$(DERIVED_FILE_DIR)/Pods-Sohbet-checkManifestLockResult.txt",
			);
			runOnlyForDeploymentPostprocessing = 0;
			shellPath = /bin/sh;
			shellScript = "diff \"${PODS_PODFILE_DIR_PATH}/Podfile.lock\" \"${PODS_ROOT}/Manifest.lock\" > /dev/null\nif [ $? != 0 ] ; then\n    # print error to STDERR\n    echo \"error: The sandbox is not in sync with the Podfile.lock. Run 'pod install' or update your CocoaPods installation.\" >&2\n    exit 1\nfi\n# This output is used by Xcode 'outputs' to avoid re-running this script phase.\necho \"SUCCESS\" > \"${SCRIPT_OUTPUT_FILE_0}\"\n";
			showEnvVarsInLog = 0;
		};
/* End PBXShellScriptBuildPhase section */

/* Begin PBXSourcesBuildPhase section */
		4722432E24F9DD6300ABAFA7 /* Sources */ = {
			isa = PBXSourcesBuildPhase;
			buildActionMask = 2147483647;
			files = (
				4722434A24F9DF2000ABAFA7 /* SHTextField.swift in Sources */,
				474C01A824FA01EF00C6AFE8 /* SHButton.swift in Sources */,
				478F8E8A251A56AC00822E7A /* ChatLog.swift in Sources */,
				47FAA80525162CED002F1E24 /* ChatCell.swift in Sources */,
				47C96FA725075AFD00D5F9FF /* ErrorMessage.swift in Sources */,
				478B0D842510257B00AD0C46 /* StatusMessenger.swift in Sources */,
				47E395B5251A64910045A900 /* ChatLogNavBar.swift in Sources */,
				47225BE424FCC0A10081C87D /* ForgetPasswordScreen.swift in Sources */,
				4722433A24F9DD6300ABAFA7 /* Home.swift in Sources */,
				4765B63624FB2799001B4C53 /* SignUpScreen.swift in Sources */,
				4765B63424FB274B001B4C53 /* SignInScreen.swift in Sources */,
				4722433624F9DD6300ABAFA7 /* AppDelegate.swift in Sources */,
				4722433824F9DD6300ABAFA7 /* SceneDelegate.swift in Sources */,
				4765B63224FB14C3001B4C53 /* SHLabel.swift in Sources */,
				472414F82507E14F0022A592 /* SHAlertViewError.swift in Sources */,
				47E834C8250C15E800D4DA09 /* UIExtensions.swift in Sources */,
				4795ECB3251CA45C001C6BB7 /* ChatLogCell.swift in Sources */,
				4795ECB5251CA61C001C6BB7 /* Messages.swift in Sources */,
				47E1E468250E0605007522DB /* ProfileCell.swift in Sources */,
				472415002507F4EE0022A592 /* SHActivityView.swift in Sources */,
				470C161A250820020009B05A /* CustomNavBar.swift in Sources */,
				4724150225080A090022A592 /* SHActivityIndicator.swift in Sources */,
				47A7EE6724FE09AF00D62884 /* SHContainerView.swift in Sources */,
				47F0B575250347DF009EBDFC /* SHAlertBody.swift in Sources */,
				4753D80825105E9500D2F7D5 /* NetworkManager.swift in Sources */,
				478B0D82251007D500AD0C46 /* ProfileController.swift in Sources */,
				47C96F9B2507569D00D5F9FF /* SHBarButton.swift in Sources */,
				47C96F9E2507587D00D5F9FF /* Chat.swift in Sources */,
				47225BE624FCC2190081C87D /* TermsScreen.swift in Sources */,
				47E1E470250E94D9007522DB /* Settings.swift in Sources */,
				478A4C4224FE050200B12A78 /* SHAlertView.swift in Sources */,
				47C96F9725074A2500D5F9FF /* TabMenu.swift in Sources */,
				47F0B573250347D4009EBDFC /* SHAlertTitle.swift in Sources */,
				473FCAD52503503300A7CD32 /* UIViewController+Ext.swift in Sources */,
				47225BE824FCC57C0081C87D /* String+Ext.swift in Sources */,
			);
			runOnlyForDeploymentPostprocessing = 0;
		};
/* End PBXSourcesBuildPhase section */

/* Begin PBXVariantGroup section */
		4722434024F9DD6600ABAFA7 /* LaunchScreen.storyboard */ = {
			isa = PBXVariantGroup;
			children = (
				4722434124F9DD6600ABAFA7 /* Base */,
			);
			name = LaunchScreen.storyboard;
			sourceTree = "<group>";
		};
/* End PBXVariantGroup section */

/* Begin XCBuildConfiguration section */
		4722434424F9DD6600ABAFA7 /* Debug */ = {
			isa = XCBuildConfiguration;
			buildSettings = {
				ALWAYS_SEARCH_USER_PATHS = NO;
				CLANG_ANALYZER_NONNULL = YES;
				CLANG_ANALYZER_NUMBER_OBJECT_CONVERSION = YES_AGGRESSIVE;
				CLANG_CXX_LANGUAGE_STANDARD = "gnu++14";
				CLANG_CXX_LIBRARY = "libc++";
				CLANG_ENABLE_MODULES = YES;
				CLANG_ENABLE_OBJC_ARC = YES;
				CLANG_ENABLE_OBJC_WEAK = YES;
				CLANG_WARN_BLOCK_CAPTURE_AUTORELEASING = YES;
				CLANG_WARN_BOOL_CONVERSION = YES;
				CLANG_WARN_COMMA = YES;
				CLANG_WARN_CONSTANT_CONVERSION = YES;
				CLANG_WARN_DEPRECATED_OBJC_IMPLEMENTATIONS = YES;
				CLANG_WARN_DIRECT_OBJC_ISA_USAGE = YES_ERROR;
				CLANG_WARN_DOCUMENTATION_COMMENTS = YES;
				CLANG_WARN_EMPTY_BODY = YES;
				CLANG_WARN_ENUM_CONVERSION = YES;
				CLANG_WARN_INFINITE_RECURSION = YES;
				CLANG_WARN_INT_CONVERSION = YES;
				CLANG_WARN_NON_LITERAL_NULL_CONVERSION = YES;
				CLANG_WARN_OBJC_IMPLICIT_RETAIN_SELF = YES;
				CLANG_WARN_OBJC_LITERAL_CONVERSION = YES;
				CLANG_WARN_OBJC_ROOT_CLASS = YES_ERROR;
				CLANG_WARN_RANGE_LOOP_ANALYSIS = YES;
				CLANG_WARN_STRICT_PROTOTYPES = YES;
				CLANG_WARN_SUSPICIOUS_MOVE = YES;
				CLANG_WARN_UNGUARDED_AVAILABILITY = YES_AGGRESSIVE;
				CLANG_WARN_UNREACHABLE_CODE = YES;
				CLANG_WARN__DUPLICATE_METHOD_MATCH = YES;
				COPY_PHASE_STRIP = NO;
				DEBUG_INFORMATION_FORMAT = dwarf;
				ENABLE_STRICT_OBJC_MSGSEND = YES;
				ENABLE_TESTABILITY = YES;
				GCC_C_LANGUAGE_STANDARD = gnu11;
				GCC_DYNAMIC_NO_PIC = NO;
				GCC_NO_COMMON_BLOCKS = YES;
				GCC_OPTIMIZATION_LEVEL = 0;
				GCC_PREPROCESSOR_DEFINITIONS = (
					"DEBUG=1",
					"$(inherited)",
				);
				GCC_WARN_64_TO_32_BIT_CONVERSION = YES;
				GCC_WARN_ABOUT_RETURN_TYPE = YES_ERROR;
				GCC_WARN_UNDECLARED_SELECTOR = YES;
				GCC_WARN_UNINITIALIZED_AUTOS = YES_AGGRESSIVE;
				GCC_WARN_UNUSED_FUNCTION = YES;
				GCC_WARN_UNUSED_VARIABLE = YES;
				IPHONEOS_DEPLOYMENT_TARGET = 13.2;
				MTL_ENABLE_DEBUG_INFO = INCLUDE_SOURCE;
				MTL_FAST_MATH = YES;
				ONLY_ACTIVE_ARCH = YES;
				SDKROOT = iphoneos;
				SWIFT_ACTIVE_COMPILATION_CONDITIONS = DEBUG;
				SWIFT_OPTIMIZATION_LEVEL = "-Onone";
			};
			name = Debug;
		};
		4722434524F9DD6600ABAFA7 /* Release */ = {
			isa = XCBuildConfiguration;
			buildSettings = {
				ALWAYS_SEARCH_USER_PATHS = NO;
				CLANG_ANALYZER_NONNULL = YES;
				CLANG_ANALYZER_NUMBER_OBJECT_CONVERSION = YES_AGGRESSIVE;
				CLANG_CXX_LANGUAGE_STANDARD = "gnu++14";
				CLANG_CXX_LIBRARY = "libc++";
				CLANG_ENABLE_MODULES = YES;
				CLANG_ENABLE_OBJC_ARC = YES;
				CLANG_ENABLE_OBJC_WEAK = YES;
				CLANG_WARN_BLOCK_CAPTURE_AUTORELEASING = YES;
				CLANG_WARN_BOOL_CONVERSION = YES;
				CLANG_WARN_COMMA = YES;
				CLANG_WARN_CONSTANT_CONVERSION = YES;
				CLANG_WARN_DEPRECATED_OBJC_IMPLEMENTATIONS = YES;
				CLANG_WARN_DIRECT_OBJC_ISA_USAGE = YES_ERROR;
				CLANG_WARN_DOCUMENTATION_COMMENTS = YES;
				CLANG_WARN_EMPTY_BODY = YES;
				CLANG_WARN_ENUM_CONVERSION = YES;
				CLANG_WARN_INFINITE_RECURSION = YES;
				CLANG_WARN_INT_CONVERSION = YES;
				CLANG_WARN_NON_LITERAL_NULL_CONVERSION = YES;
				CLANG_WARN_OBJC_IMPLICIT_RETAIN_SELF = YES;
				CLANG_WARN_OBJC_LITERAL_CONVERSION = YES;
				CLANG_WARN_OBJC_ROOT_CLASS = YES_ERROR;
				CLANG_WARN_RANGE_LOOP_ANALYSIS = YES;
				CLANG_WARN_STRICT_PROTOTYPES = YES;
				CLANG_WARN_SUSPICIOUS_MOVE = YES;
				CLANG_WARN_UNGUARDED_AVAILABILITY = YES_AGGRESSIVE;
				CLANG_WARN_UNREACHABLE_CODE = YES;
				CLANG_WARN__DUPLICATE_METHOD_MATCH = YES;
				COPY_PHASE_STRIP = NO;
				DEBUG_INFORMATION_FORMAT = "dwarf-with-dsym";
				ENABLE_NS_ASSERTIONS = NO;
				ENABLE_STRICT_OBJC_MSGSEND = YES;
				GCC_C_LANGUAGE_STANDARD = gnu11;
				GCC_NO_COMMON_BLOCKS = YES;
				GCC_WARN_64_TO_32_BIT_CONVERSION = YES;
				GCC_WARN_ABOUT_RETURN_TYPE = YES_ERROR;
				GCC_WARN_UNDECLARED_SELECTOR = YES;
				GCC_WARN_UNINITIALIZED_AUTOS = YES_AGGRESSIVE;
				GCC_WARN_UNUSED_FUNCTION = YES;
				GCC_WARN_UNUSED_VARIABLE = YES;
				IPHONEOS_DEPLOYMENT_TARGET = 13.2;
				MTL_ENABLE_DEBUG_INFO = NO;
				MTL_FAST_MATH = YES;
				SDKROOT = iphoneos;
				SWIFT_COMPILATION_MODE = wholemodule;
				SWIFT_OPTIMIZATION_LEVEL = "-O";
				VALIDATE_PRODUCT = YES;
			};
			name = Release;
		};
		4722434724F9DD6600ABAFA7 /* Debug */ = {
			isa = XCBuildConfiguration;
			baseConfigurationReference = 2DA63AE555658FEFE060E309 /* Pods-Sohbet.debug.xcconfig */;
			buildSettings = {
				ASSETCATALOG_COMPILER_APPICON_NAME = AppIcon;
				CODE_SIGN_STYLE = Automatic;
				DEVELOPMENT_TEAM = C5T7638W9Z;
				INFOPLIST_FILE = Sohbet/Info.plist;
				LD_RUNPATH_SEARCH_PATHS = (
					"$(inherited)",
					"@executable_path/Frameworks",
				);
				PRODUCT_BUNDLE_IDENTIFIER = com.aoomle.Sohbet;
				PRODUCT_NAME = "$(TARGET_NAME)";
				SWIFT_VERSION = 5.0;
				TARGETED_DEVICE_FAMILY = "1,2";
			};
			name = Debug;
		};
		4722434824F9DD6600ABAFA7 /* Release */ = {
			isa = XCBuildConfiguration;
			baseConfigurationReference = 6FB3925D35E5F6D669FF1484 /* Pods-Sohbet.release.xcconfig */;
			buildSettings = {
				ASSETCATALOG_COMPILER_APPICON_NAME = AppIcon;
				CODE_SIGN_STYLE = Automatic;
				DEVELOPMENT_TEAM = C5T7638W9Z;
				INFOPLIST_FILE = Sohbet/Info.plist;
				LD_RUNPATH_SEARCH_PATHS = (
					"$(inherited)",
					"@executable_path/Frameworks",
				);
				PRODUCT_BUNDLE_IDENTIFIER = com.aoomle.Sohbet;
				PRODUCT_NAME = "$(TARGET_NAME)";
				SWIFT_VERSION = 5.0;
				TARGETED_DEVICE_FAMILY = "1,2";
			};
			name = Release;
		};
/* End XCBuildConfiguration section */

/* Begin XCConfigurationList section */
		4722432D24F9DD6300ABAFA7 /* Build configuration list for PBXProject "Sohbet" */ = {
			isa = XCConfigurationList;
			buildConfigurations = (
				4722434424F9DD6600ABAFA7 /* Debug */,
				4722434524F9DD6600ABAFA7 /* Release */,
			);
			defaultConfigurationIsVisible = 0;
			defaultConfigurationName = Release;
		};
		4722434624F9DD6600ABAFA7 /* Build configuration list for PBXNativeTarget "Sohbet" */ = {
			isa = XCConfigurationList;
			buildConfigurations = (
				4722434724F9DD6600ABAFA7 /* Debug */,
				4722434824F9DD6600ABAFA7 /* Release */,
			);
			defaultConfigurationIsVisible = 0;
			defaultConfigurationName = Release;
		};
/* End XCConfigurationList section */
	};
	rootObject = 4722432A24F9DD6300ABAFA7 /* Project object */;
}
